<Solution><Project Path="src/CloudFileManager.Core/CloudFileManager.Core.csproj" /><Project Path="src/CloudFileManager.Console/CloudFileManager.Console.csproj" /><Project Path="tests/CloudFileManager.Tests/CloudFileManager.Tests.csproj" /><Project Path="tests/CloudFileManager.BonusTests/CloudFileManager.BonusTests.csproj" /><Project Path="tests/CloudFileManager.ArchitectureTests/CloudFileManager.ArchitectureTests.csproj" /><Project Path="src/CloudFileManager.Web/CloudFileManager.Web.csproj" /><Project Path="tests/CloudFileManager.WebTests/CloudFileManager.WebTests.csproj" /><Project Path="tests/CloudFileManager.ArchitectureTests/ColdStartProbe/ColdStartProbe.csproj" /><Project Path="src/CloudFileManager.Infrastructure/CloudFileManager.Infrastructure.csproj" /><Project Path="tests/CloudFileManager.PersistenceTests/CloudFileManager.PersistenceTests.csproj" /></Solution>
